{
  "name": "copious-registry",
  "version": "0.4.4",
  "lockfileVersion": 2,
  "requires": true,
  "packages": {
    "": {
      "name": "copious-registry",
      "version": "0.4.4",
      "license": "MIT",
      "dependencies": {
        "extra-file-class": "^0.9.12",
        "xxhash32-node-cmake": "^1.0.5"
      }
    },
    "node_modules/extra-file-class": {
      "version": "0.9.12",
      "resolved": "https://registry.npmjs.org/extra-file-class/-/extra-file-class-0.9.12.tgz",
      "integrity": "sha512-0Axp3ln7elvR5F2cm/0NxDDYj6bsUTToROvsEe/wiaTFoAfPRoLwaqmuReiOVVWc6Oxs76yqyYa9pRtZFDdy9w=="
    },
    "node_modules/nan": {
      "version": "2.17.0",
      "resolved": "https://registry.npmjs.org/nan/-/nan-2.17.0.tgz",
      "integrity": "sha512-2ZTgtl0nJsO0KQCjEpxcIr5D+Yv90plTitZt9JBfQvVJDS5seMl3FOvsh3+9CoYWXf/1l5OaZzzF6nDm4cagaQ=="
    },
    "node_modules/xxhash32-node-cmake": {
      "version": "1.0.5",
      "resolved": "https://registry.npmjs.org/xxhash32-node-cmake/-/xxhash32-node-cmake-1.0.5.tgz",
      "integrity": "sha512-+othJo2D8hWTu5gxuN0y/iOVNkJZTFIjLPi5RxvxzeHdJ80legvyPfbADQ/T9Cj4VBe1eWkNu00LeKoWk0n67Q==",
      "hasInstallScript": true,
      "os": [
        "!win32"
      ],
      "dependencies": {
        "nan": "^2.16.0"
      },
      "engines": {
        "node": ">=4.0.0"
      },
      "funding": {
        "type": "GitHub Sponsors",
        "url": "https://github.com/sponsors/copious-world"
      }
    }
  },
  "dependencies": {
    "extra-file-class": {
      "version": "0.9.12",
      "resolved": "https://registry.npmjs.org/extra-file-class/-/extra-file-class-0.9.12.tgz",
      "integrity": "sha512-0Axp3ln7elvR5F2cm/0NxDDYj6bsUTToROvsEe/wiaTFoAfPRoLwaqmuReiOVVWc6Oxs76yqyYa9pRtZFDdy9w=="
    },
    "nan": {
      "version": "2.17.0",
      "resolved": "https://registry.npmjs.org/nan/-/nan-2.17.0.tgz",
      "integrity": "sha512-2ZTgtl0nJsO0KQCjEpxcIr5D+Yv90plTitZt9JBfQvVJDS5seMl3FOvsh3+9CoYWXf/1l5OaZzzF6nDm4cagaQ=="
    },
    "xxhash32-node-cmake": {
      "version": "1.0.5",
      "resolved": "https://registry.npmjs.org/xxhash32-node-cmake/-/xxhash32-node-cmake-1.0.5.tgz",
      "integrity": "sha512-+othJo2D8hWTu5gxuN0y/iOVNkJZTFIjLPi5RxvxzeHdJ80legvyPfbADQ/T9Cj4VBe1eWkNu00LeKoWk0n67Q==",
      "requires": {
        "nan": "^2.16.0"
      }
    }
  }
}
